// !$*UTF8*$!
{
	archiveVersion = 1;
	classes = {
	};
	objectVersion = 50;
	objects = {

/* Begin PBXBuildFile section */
		3A28DB9722D4E43100568F90 /* StackHorizintal.swift in Sources */ = {isa = PBXBuildFile; fileRef = 3A28DB9622D4E43100568F90 /* StackHorizintal.swift */; };
		3A28DB9922D5A4CE00568F90 /* SettingStyleList.swift in Sources */ = {isa = PBXBuildFile; fileRef = 3A28DB9822D5A4CE00568F90 /* SettingStyleList.swift */; };
		544D1A3922D057FF009F8B2B /* AppDelegate.swift in Sources */ = {isa = PBXBuildFile; fileRef = 544D1A3822D057FF009F8B2B /* AppDelegate.swift */; };
		544D1A3B22D057FF009F8B2B /* SceneDelegate.swift in Sources */ = {isa = PBXBuildFile; fileRef = 544D1A3A22D057FF009F8B2B /* SceneDelegate.swift */; };
		544D1A3D22D057FF009F8B2B /* ContentView.swift in Sources */ = {isa = PBXBuildFile; fileRef = 544D1A3C22D057FF009F8B2B /* ContentView.swift */; };
		544D1A4222D05805009F8B2B /* Preview Assets.xcassets in Resources */ = {isa = PBXBuildFile; fileRef = 544D1A4122D05805009F8B2B /* Preview Assets.xcassets */; };
		544D1A4522D05805009F8B2B /* LaunchScreen.storyboard in Resources */ = {isa = PBXBuildFile; fileRef = 544D1A4322D05805009F8B2B /* LaunchScreen.storyboard */; };
		544D1A4D22D0682D009F8B2B /* Images.swift in Sources */ = {isa = PBXBuildFile; fileRef = 544D1A4C22D0682D009F8B2B /* Images.swift */; };
		544D1A4F22D19B40009F8B2B /* Assets.xcassets in Resources */ = {isa = PBXBuildFile; fileRef = 544D1A4E22D19B40009F8B2B /* Assets.xcassets */; };
		544D1A5122D37A3B009F8B2B /* Main.storyboard in Resources */ = {isa = PBXBuildFile; fileRef = 544D1A5022D37A3B009F8B2B /* Main.storyboard */; };
		544D1A5422D37ADB009F8B2B /* ViewListViewController.swift in Sources */ = {isa = PBXBuildFile; fileRef = 544D1A5322D37ADB009F8B2B /* ViewListViewController.swift */; };
		5496FE3E22D4C7F700427440 /* StackVertical.swift in Sources */ = {isa = PBXBuildFile; fileRef = 5496FE3D22D4C7F700427440 /* StackVertical.swift */; };
/* End PBXBuildFile section */

/* Begin PBXFileReference section */
		3A28DB9622D4E43100568F90 /* StackHorizintal.swift */ = {isa = PBXFileReference; lastKnownFileType = sourcecode.swift; path = StackHorizintal.swift; sourceTree = "<group>"; };
		3A28DB9822D5A4CE00568F90 /* SettingStyleList.swift */ = {isa = PBXFileReference; lastKnownFileType = sourcecode.swift; path = SettingStyleList.swift; sourceTree = "<group>"; };
		544D1A3522D057FF009F8B2B /* SwiftUI_PH.app */ = {isa = PBXFileReference; explicitFileType = wrapper.application; includeInIndex = 0; path = SwiftUI_PH.app; sourceTree = BUILT_PRODUCTS_DIR; };
		544D1A3822D057FF009F8B2B /* AppDelegate.swift */ = {isa = PBXFileReference; lastKnownFileType = sourcecode.swift; path = AppDelegate.swift; sourceTree = "<group>"; };
		544D1A3A22D057FF009F8B2B /* SceneDelegate.swift */ = {isa = PBXFileReference; lastKnownFileType = sourcecode.swift; path = SceneDelegate.swift; sourceTree = "<group>"; };
		544D1A3C22D057FF009F8B2B /* ContentView.swift */ = {isa = PBXFileReference; lastKnownFileType = sourcecode.swift; path = ContentView.swift; sourceTree = "<group>"; };
		544D1A4122D05805009F8B2B /* Preview Assets.xcassets */ = {isa = PBXFileReference; lastKnownFileType = folder.assetcatalog; path = "Preview Assets.xcassets"; sourceTree = "<group>"; };
		544D1A4422D05805009F8B2B /* Base */ = {isa = PBXFileReference; lastKnownFileType = file.storyboard; name = Base; path = Base.lproj/LaunchScreen.storyboard; sourceTree = "<group>"; };
		544D1A4622D05805009F8B2B /* Info.plist */ = {isa = PBXFileReference; lastKnownFileType = text.plist.xml; path = Info.plist; sourceTree = "<group>"; };
		544D1A4C22D0682D009F8B2B /* Images.swift */ = {isa = PBXFileReference; lastKnownFileType = sourcecode.swift; path = Images.swift; sourceTree = "<group>"; };
		544D1A4E22D19B40009F8B2B /* Assets.xcassets */ = {isa = PBXFileReference; lastKnownFileType = folder.assetcatalog; path = Assets.xcassets; sourceTree = "<group>"; };
		544D1A5022D37A3B009F8B2B /* Main.storyboard */ = {isa = PBXFileReference; lastKnownFileType = file.storyboard; path = Main.storyboard; sourceTree = "<group>"; };
		544D1A5322D37ADB009F8B2B /* ViewListViewController.swift */ = {isa = PBXFileReference; lastKnownFileType = sourcecode.swift; path = ViewListViewController.swift; sourceTree = "<group>"; };
		5496FE3D22D4C7F700427440 /* StackVertical.swift */ = {isa = PBXFileReference; lastKnownFileType = sourcecode.swift; path = StackVertical.swift; sourceTree = "<group>"; };
/* End PBXFileReference section */

/* Begin PBXFrameworksBuildPhase section */
		544D1A3222D057FF009F8B2B /* Frameworks */ = {
			isa = PBXFrameworksBuildPhase;
			buildActionMask = 2147483647;
			files = (
			);
			runOnlyForDeploymentPostprocessing = 0;
		};
/* End PBXFrameworksBuildPhase section */

/* Begin PBXGroup section */
		3A1E4BCB22D99D3B00BC42F0 /* Stacks */ = {
			isa = PBXGroup;
			children = (
				5496FE3D22D4C7F700427440 /* StackVertical.swift */,
				3A28DB9622D4E43100568F90 /* StackHorizintal.swift */,
			);
			path = Stacks;
			sourceTree = "<group>";
		};
		3A1E4BCC22D99D5B00BC42F0 /* StartUpClasses */ = {
			isa = PBXGroup;
			children = (
				544D1A3822D057FF009F8B2B /* AppDelegate.swift */,
				544D1A5022D37A3B009F8B2B /* Main.storyboard */,
				544D1A3A22D057FF009F8B2B /* SceneDelegate.swift */,
			);
			path = StartUpClasses;
			sourceTree = "<group>";
		};
		3A1E4BCD22D99D7200BC42F0 /* TextandImage */ = {
			isa = PBXGroup;
			children = (
				544D1A3C22D057FF009F8B2B /* ContentView.swift */,
				544D1A4C22D0682D009F8B2B /* Images.swift */,
			);
			path = TextandImage;
			sourceTree = "<group>";
		};
		3A1E4BCE22D99D8400BC42F0 /* NavSetting */ = {
			isa = PBXGroup;
			children = (
				3A28DB9822D5A4CE00568F90 /* SettingStyleList.swift */,
			);
			path = NavSetting;
			sourceTree = "<group>";
		};
		544D1A2C22D057FF009F8B2B = {
			isa = PBXGroup;
			children = (
				544D1A3722D057FF009F8B2B /* SwiftUI_PH */,
				544D1A3622D057FF009F8B2B /* Products */,
			);
			sourceTree = "<group>";
		};
		544D1A3622D057FF009F8B2B /* Products */ = {
			isa = PBXGroup;
			children = (
				544D1A3522D057FF009F8B2B /* SwiftUI_PH.app */,
			);
			name = Products;
			sourceTree = "<group>";
		};
		544D1A3722D057FF009F8B2B /* SwiftUI_PH */ = {
			isa = PBXGroup;
			children = (
				544D1A5222D37AA5009F8B2B /* UiKitControllers */,
				3A1E4BCC22D99D5B00BC42F0 /* StartUpClasses */,
				3A1E4BCE22D99D8400BC42F0 /* NavSetting */,
				3A1E4BCD22D99D7200BC42F0 /* TextandImage */,
				3A1E4BCB22D99D3B00BC42F0 /* Stacks */,
				544D1A4322D05805009F8B2B /* LaunchScreen.storyboard */,
				544D1A4622D05805009F8B2B /* Info.plist */,
				544D1A4E22D19B40009F8B2B /* Assets.xcassets */,
				544D1A4022D05805009F8B2B /* Preview Content */,
			);
			path = SwiftUI_PH;
			sourceTree = "<group>";
		};
		544D1A4022D05805009F8B2B /* Preview Content */ = {
			isa = PBXGroup;
			children = (
				544D1A4122D05805009F8B2B /* Preview Assets.xcassets */,
			);
			path = "Preview Content";
			sourceTree = "<group>";
		};
		544D1A5222D37AA5009F8B2B /* UiKitControllers */ = {
			isa = PBXGroup;
			children = (
				544D1A5322D37ADB009F8B2B /* ViewListViewController.swift */,
			);
			path = UiKitControllers;
			sourceTree = "<group>";
		};
/* End PBXGroup section */

/* Begin PBXNativeTarget section */
		544D1A3422D057FF009F8B2B /* SwiftUI_PH */ = {
			isa = PBXNativeTarget;
			buildConfigurationList = 544D1A4922D05805009F8B2B /* Build configuration list for PBXNativeTarget "SwiftUI_PH" */;
			buildPhases = (
				544D1A3122D057FF009F8B2B /* Sources */,
				544D1A3222D057FF009F8B2B /* Frameworks */,
				544D1A3322D057FF009F8B2B /* Resources */,
			);
			buildRules = (
			);
			dependencies = (
			);
			name = SwiftUI_PH;
			productName = SwiftUI_PH;
			productReference = 544D1A3522D057FF009F8B2B /* SwiftUI_PH.app */;
			productType = "com.apple.product-type.application";
		};
/* End PBXNativeTarget section */

/* Begin PBXProject section */
		544D1A2D22D057FF009F8B2B /* Project object */ = {
			isa = PBXProject;
			attributes = {
				LastSwiftUpdateCheck = 1100;
				LastUpgradeCheck = 1100;
				ORGANIZATIONNAME = "vishwas ng";
				TargetAttributes = {
					544D1A3422D057FF009F8B2B = {
						CreatedOnToolsVersion = 11.0;
					};
				};
			};
			buildConfigurationList = 544D1A3022D057FF009F8B2B /* Build configuration list for PBXProject "SwiftUI_PH" */;
			compatibilityVersion = "Xcode 9.3";
			developmentRegion = en;
			hasScannedForEncodings = 0;
			knownRegions = (
				en,
				Base,
			);
			mainGroup = 544D1A2C22D057FF009F8B2B;
			productRefGroup = 544D1A3622D057FF009F8B2B /* Products */;
			projectDirPath = "";
			projectRoot = "";
			targets = (
				544D1A3422D057FF009F8B2B /* SwiftUI_PH */,
			);
		};
/* End PBXProject section */

/* Begin PBXResourcesBuildPhase section */
		544D1A3322D057FF009F8B2B /* Resources */ = {
			isa = PBXResourcesBuildPhase;
			buildActionMask = 2147483647;
			files = (
				544D1A4522D05805009F8B2B /* LaunchScreen.storyboard in Resources */,
				544D1A4F22D19B40009F8B2B /* Assets.xcassets in Resources */,
				544D1A4222D05805009F8B2B /* Preview Assets.xcassets in Resources */,
				544D1A5122D37A3B009F8B2B /* Main.storyboard in Resources */,
			);
			runOnlyForDeploymentPostprocessing = 0;
		};
/* End PBXResourcesBuildPhase section */

/* Begin PBXSourcesBuildPhase section */
		544D1A3122D057FF009F8B2B /* Sources */ = {
			isa = PBXSourcesBuildPhase;
			buildActionMask = 2147483647;
			files = (
				544D1A3922D057FF009F8B2B /* AppDelegate.swift in Sources */,
				544D1A4D22D0682D009F8B2B /* Images.swift in Sources */,
				544D1A3B22D057FF009F8B2B /* SceneDelegate.swift in Sources */,
				3A28DB9722D4E43100568F90 /* StackHorizintal.swift in Sources */,
				3A28DB9922D5A4CE00568F90 /* SettingStyleList.swift in Sources */,
				544D1A5422D37ADB009F8B2B /* ViewListViewController.swift in Sources */,
				5496FE3E22D4C7F700427440 /* StackVertical.swift in Sources */,
				544D1A3D22D057FF009F8B2B /* ContentView.swift in Sources */,
			);
			runOnlyForDeploymentPostprocessing = 0;
		};
/* End PBXSourcesBuildPhase section */

/* Begin PBXVariantGroup section */
		544D1A4322D05805009F8B2B /* LaunchScreen.storyboard */ = {
			isa = PBXVariantGroup;
			children = (
				544D1A4422D05805009F8B2B /* Base */,
			);
			name = LaunchScreen.storyboard;
			sourceTree = "<group>";
		};
/* End PBXVariantGroup section */

/* Begin XCBuildConfiguration section */
		544D1A4722D05805009F8B2B /* Debug */ = {
			isa = XCBuildConfiguration;
			buildSettings = {
				ALWAYS_SEARCH_USER_PATHS = NO;
				CLANG_ANALYZER_NONNULL = YES;
				CLANG_ANALYZER_NUMBER_OBJECT_CONVERSION = YES_AGGRESSIVE;
				CLANG_CXX_LANGUAGE_STANDARD = "gnu++14";
				CLANG_CXX_LIBRARY = "libc++";
				CLANG_ENABLE_MODULES = YES;
				CLANG_ENABLE_OBJC_ARC = YES;
				CLANG_ENABLE_OBJC_WEAK = YES;
				CLANG_WARN_BLOCK_CAPTURE_AUTORELEASING = YES;
				CLANG_WARN_BOOL_CONVERSION = YES;
				CLANG_WARN_COMMA = YES;
				CLANG_WARN_CONSTANT_CONVERSION = YES;
				CLANG_WARN_DEPRECATED_OBJC_IMPLEMENTATIONS = YES;
				CLANG_WARN_DIRECT_OBJC_ISA_USAGE = YES_ERROR;
				CLANG_WARN_DOCUMENTATION_COMMENTS = YES;
				CLANG_WARN_EMPTY_BODY = YES;
				CLANG_WARN_ENUM_CONVERSION = YES;
				CLANG_WARN_INFINITE_RECURSION = YES;
				CLANG_WARN_INT_CONVERSION = YES;
				CLANG_WARN_NON_LITERAL_NULL_CONVERSION = YES;
				CLANG_WARN_OBJC_IMPLICIT_RETAIN_SELF = YES;
				CLANG_WARN_OBJC_LITERAL_CONVERSION = YES;
				CLANG_WARN_OBJC_ROOT_CLASS = YES_ERROR;
				CLANG_WARN_RANGE_LOOP_ANALYSIS = YES;
				CLANG_WARN_STRICT_PROTOTYPES = YES;
				CLANG_WARN_SUSPICIOUS_MOVE = YES;
				CLANG_WARN_UNGUARDED_AVAILABILITY = YES_AGGRESSIVE;
				CLANG_WARN_UNREACHABLE_CODE = YES;
				CLANG_WARN__DUPLICATE_METHOD_MATCH = YES;
				COPY_PHASE_STRIP = NO;
				DEBUG_INFORMATION_FORMAT = dwarf;
				ENABLE_STRICT_OBJC_MSGSEND = YES;
				ENABLE_TESTABILITY = YES;
				GCC_C_LANGUAGE_STANDARD = gnu11;
				GCC_DYNAMIC_NO_PIC = NO;
				GCC_NO_COMMON_BLOCKS = YES;
				GCC_OPTIMIZATION_LEVEL = 0;
				GCC_PREPROCESSOR_DEFINITIONS = (
					"DEBUG=1",
					"$(inherited)",
				);
				GCC_WARN_64_TO_32_BIT_CONVERSION = YES;
				GCC_WARN_ABOUT_RETURN_TYPE = YES_ERROR;
				GCC_WARN_UNDECLARED_SELECTOR = YES;
				GCC_WARN_UNINITIALIZED_AUTOS = YES_AGGRESSIVE;
				GCC_WARN_UNUSED_FUNCTION = YES;
				GCC_WARN_UNUSED_VARIABLE = YES;
				IPHONEOS_DEPLOYMENT_TARGET = 13.0;
				MTL_ENABLE_DEBUG_INFO = INCLUDE_SOURCE;
				MTL_FAST_MATH = YES;
				ONLY_ACTIVE_ARCH = YES;
				SDKROOT = iphoneos;
				SWIFT_ACTIVE_COMPILATION_CONDITIONS = DEBUG;
				SWIFT_OPTIMIZATION_LEVEL = "-Onone";
			};
			name = Debug;
		};
		544D1A4822D05805009F8B2B /* Release */ = {
			isa = XCBuildConfiguration;
			buildSettings = {
				ALWAYS_SEARCH_USER_PATHS = NO;
				CLANG_ANALYZER_NONNULL = YES;
				CLANG_ANALYZER_NUMBER_OBJECT_CONVERSION = YES_AGGRESSIVE;
				CLANG_CXX_LANGUAGE_STANDARD = "gnu++14";
				CLANG_CXX_LIBRARY = "libc++";
				CLANG_ENABLE_MODULES = YES;
				CLANG_ENABLE_OBJC_ARC = YES;
				CLANG_ENABLE_OBJC_WEAK = YES;
				CLANG_WARN_BLOCK_CAPTURE_AUTORELEASING = YES;
				CLANG_WARN_BOOL_CONVERSION = YES;
				CLANG_WARN_COMMA = YES;
				CLANG_WARN_CONSTANT_CONVERSION = YES;
				CLANG_WARN_DEPRECATED_OBJC_IMPLEMENTATIONS = YES;
				CLANG_WARN_DIRECT_OBJC_ISA_USAGE = YES_ERROR;
				CLANG_WARN_DOCUMENTATION_COMMENTS = YES;
				CLANG_WARN_EMPTY_BODY = YES;
				CLANG_WARN_ENUM_CONVERSION = YES;
				CLANG_WARN_INFINITE_RECURSION = YES;
				CLANG_WARN_INT_CONVERSION = YES;
				CLANG_WARN_NON_LITERAL_NULL_CONVERSION = YES;
				CLANG_WARN_OBJC_IMPLICIT_RETAIN_SELF = YES;
				CLANG_WARN_OBJC_LITERAL_CONVERSION = YES;
				CLANG_WARN_OBJC_ROOT_CLASS = YES_ERROR;
				CLANG_WARN_RANGE_LOOP_ANALYSIS = YES;
				CLANG_WARN_STRICT_PROTOTYPES = YES;
				CLANG_WARN_SUSPICIOUS_MOVE = YES;
				CLANG_WARN_UNGUARDED_AVAILABILITY = YES_AGGRESSIVE;
				CLANG_WARN_UNREACHABLE_CODE = YES;
				CLANG_WARN__DUPLICATE_METHOD_MATCH = YES;
				COPY_PHASE_STRIP = NO;
				DEBUG_INFORMATION_FORMAT = "dwarf-with-dsym";
				ENABLE_NS_ASSERTIONS = NO;
				ENABLE_STRICT_OBJC_MSGSEND = YES;
				GCC_C_LANGUAGE_STANDARD = gnu11;
				GCC_NO_COMMON_BLOCKS = YES;
				GCC_WARN_64_TO_32_BIT_CONVERSION = YES;
				GCC_WARN_ABOUT_RETURN_TYPE = YES_ERROR;
				GCC_WARN_UNDECLARED_SELECTOR = YES;
				GCC_WARN_UNINITIALIZED_AUTOS = YES_AGGRESSIVE;
				GCC_WARN_UNUSED_FUNCTION = YES;
				GCC_WARN_UNUSED_VARIABLE = YES;
				IPHONEOS_DEPLOYMENT_TARGET = 13.0;
				MTL_ENABLE_DEBUG_INFO = NO;
				MTL_FAST_MATH = YES;
				SDKROOT = iphoneos;
				SWIFT_COMPILATION_MODE = wholemodule;
				SWIFT_OPTIMIZATION_LEVEL = "-O";
				VALIDATE_PRODUCT = YES;
			};
			name = Release;
		};
		544D1A4A22D05805009F8B2B /* Debug */ = {
			isa = XCBuildConfiguration;
			buildSettings = {
				ASSETCATALOG_COMPILER_APPICON_NAME = AppIcon;
				CODE_SIGN_STYLE = Automatic;
				DEVELOPMENT_ASSET_PATHS = "SwiftUI_PH/Preview\\ Content";
				ENABLE_PREVIEWS = YES;
				INFOPLIST_FILE = SwiftUI_PH/Info.plist;
				LD_RUNPATH_SEARCH_PATHS = (
					"$(inherited)",
					"@executable_path/Frameworks",
				);
				PRODUCT_BUNDLE_IDENTIFIER = "com.vis.SwiftUI-PH";
				PRODUCT_NAME = "$(TARGET_NAME)";
				SWIFT_VERSION = 5.0;
				TARGETED_DEVICE_FAMILY = "1,2";
			};
			name = Debug;
		};
		544D1A4B22D05805009F8B2B /* Release */ = {
			isa = XCBuildConfiguration;
			buildSettings = {
				ASSETCATALOG_COMPILER_APPICON_NAME = AppIcon;
				CODE_SIGN_STYLE = Automatic;
				DEVELOPMENT_ASSET_PATHS = "SwiftUI_PH/Preview\\ Content";
				ENABLE_PREVIEWS = YES;
				INFOPLIST_FILE = SwiftUI_PH/Info.plist;
				LD_RUNPATH_SEARCH_PATHS = (
					"$(inherited)",
					"@executable_path/Frameworks",
				);
				PRODUCT_BUNDLE_IDENTIFIER = "com.vis.SwiftUI-PH";
				PRODUCT_NAME = "$(TARGET_NAME)";
				SWIFT_VERSION = 5.0;
				TARGETED_DEVICE_FAMILY = "1,2";
			};
			name = Release;
		};
/* End XCBuildConfiguration section */

/* Begin XCConfigurationList section */
		544D1A3022D057FF009F8B2B /* Build configuration list for PBXProject "SwiftUI_PH" */ = {
			isa = XCConfigurationList;
			buildConfigurations = (
				544D1A4722D05805009F8B2B /* Debug */,
				544D1A4822D05805009F8B2B /* Release */,
			);
			defaultConfigurationIsVisible = 0;
			defaultConfigurationName = Release;
		};
		544D1A4922D05805009F8B2B /* Build configuration list for PBXNativeTarget "SwiftUI_PH" */ = {
			isa = XCConfigurationList;
			buildConfigurations = (
				544D1A4A22D05805009F8B2B /* Debug */,
				544D1A4B22D05805009F8B2B /* Release */,
			);
			defaultConfigurationIsVisible = 0;
			defaultConfigurationName = Release;
		};
/* End XCConfigurationList section */
	};
	rootObject = 544D1A2D22D057FF009F8B2B /* Project object */;
}
